{
    "_meta": {
        "hash": {
            "sha256": "415dfdcb118dd9bdfef17671cb7dcd78dbd69b6ae7d4f39e8b44e71d60ca72e7"
        },
        "pipfile-spec": 6,
        "requires": {
            "python_version": "3.6"
        },
        "sources": [
            {
                "name": "pypi",
                "url": "https://pypi.org/simple",
                "verify_ssl": true
            }
        ]
    },
    "default": {},
    "develop": {}
}
